
Microsoft Visual Studio Solution File, Format Version 12.00
# Visual Studio Version 16
VisualStudioVersion = 16.0.30114.105
MinimumVisualStudioVersion = 10.0.40219.1
Project("{FAE04EC0-301F-11D3-BF4B-00C04F79EFBC}") = "AdventuresOfWilbur", "AdventuresOfWilbur\src\AdventuresOfWilbur\AdventuresOfWilbur.csproj", "{E65FE448-2933-43EC-8144-87739BC4D929}"
EndProject
Project("{FAE04EC0-301F-11D3-BF4B-00C04F79EFBC}") = "AdventuresOfWilburPopulateToOpenSearch", "AdventuresOfWilburPopulateToOpenSearch\src\AdventuresOfWilburPopulateToOpenSearch\AdventuresOfWilburPopulateToOpenSearch.csproj", "{064E562F-D152-40D7-B97D-6B88654ED394}"
EndProject
Project("{FAE04EC0-301F-11D3-BF4B-00C04F79EFBC}") = "AdventuresOfWilburUploadFunction", "AdventuresOfWilburUploadFunction\src\AdventuresOfWilburUploadFunction\AdventuresOfWilburUploadFunction.csproj", "{5614F8CC-D266-46A6-8679-7D9360383C41}"
EndProject
Project("{FAE04EC0-301F-11D3-BF4B-00C04F79EFBC}") = "AdventuresOfWilbur", "AdventuresOfWilburServerless\src\AdventuresOfWilbur\AdventuresOfWilbur.csproj", "{1160BCE7-CD70-4167-BAB2-8C98420F40C9}"
EndProject
Global
	GlobalSection(SolutionConfigurationPlatforms) = preSolution
		Debug|Any CPU = Debug|Any CPU
		Debug|x64 = Debug|x64
		Debug|x86 = Debug|x86
		Release|Any CPU = Release|Any CPU
		Release|x64 = Release|x64
		Release|x86 = Release|x86
	EndGlobalSection
	GlobalSection(SolutionProperties) = preSolution
		HideSolutionNode = FALSE
	EndGlobalSection
	GlobalSection(ProjectConfigurationPlatforms) = postSolution
		{E65FE448-2933-43EC-8144-87739BC4D929}.Debug|Any CPU.ActiveCfg = Debug|Any CPU
		{E65FE448-2933-43EC-8144-87739BC4D929}.Debug|Any CPU.Build.0 = Debug|Any CPU
		{E65FE448-2933-43EC-8144-87739BC4D929}.Debug|x64.ActiveCfg = Debug|Any CPU
		{E65FE448-2933-43EC-8144-87739BC4D929}.Debug|x64.Build.0 = Debug|Any CPU
		{E65FE448-2933-43EC-8144-87739BC4D929}.Debug|x86.ActiveCfg = Debug|Any CPU
		{E65FE448-2933-43EC-8144-87739BC4D929}.Debug|x86.Build.0 = Debug|Any CPU
		{E65FE448-2933-43EC-8144-87739BC4D929}.Release|Any CPU.ActiveCfg = Release|Any CPU
		{E65FE448-2933-43EC-8144-87739BC4D929}.Release|Any CPU.Build.0 = Release|Any CPU
		{E65FE448-2933-43EC-8144-87739BC4D929}.Release|x64.ActiveCfg = Release|Any CPU
		{E65FE448-2933-43EC-8144-87739BC4D929}.Release|x64.Build.0 = Release|Any CPU
		{E65FE448-2933-43EC-8144-87739BC4D929}.Release|x86.ActiveCfg = Release|Any CPU
		{E65FE448-2933-43EC-8144-87739BC4D929}.Release|x86.Build.0 = Release|Any CPU
		{064E562F-D152-40D7-B97D-6B88654ED394}.Debug|Any CPU.ActiveCfg = Debug|Any CPU
		{064E562F-D152-40D7-B97D-6B88654ED394}.Debug|Any CPU.Build.0 = Debug|Any CPU
		{064E562F-D152-40D7-B97D-6B88654ED394}.Debug|x64.ActiveCfg = Debug|Any CPU
		{064E562F-D152-40D7-B97D-6B88654ED394}.Debug|x64.Build.0 = Debug|Any CPU
		{064E562F-D152-40D7-B97D-6B88654ED394}.Debug|x86.ActiveCfg = Debug|Any CPU
		{064E562F-D152-40D7-B97D-6B88654ED394}.Debug|x86.Build.0 = Debug|Any CPU
		{064E562F-D152-40D7-B97D-6B88654ED394}.Release|Any CPU.ActiveCfg = Release|Any CPU
		{064E562F-D152-40D7-B97D-6B88654ED394}.Release|Any CPU.Build.0 = Release|Any CPU
		{064E562F-D152-40D7-B97D-6B88654ED394}.Release|x64.ActiveCfg = Release|Any CPU
		{064E562F-D152-40D7-B97D-6B88654ED394}.Release|x64.Build.0 = Release|Any CPU
		{064E562F-D152-40D7-B97D-6B88654ED394}.Release|x86.ActiveCfg = Release|Any CPU
		{064E562F-D152-40D7-B97D-6B88654ED394}.Release|x86.Build.0 = Release|Any CPU
		{5614F8CC-D266-46A6-8679-7D9360383C41}.Debug|Any CPU.ActiveCfg = Debug|Any CPU
		{5614F8CC-D266-46A6-8679-7D9360383C41}.Debug|Any CPU.Build.0 = Debug|Any CPU
		{5614F8CC-D266-46A6-8679-7D9360383C41}.Debug|x64.ActiveCfg = Debug|Any CPU
		{5614F8CC-D266-46A6-8679-7D9360383C41}.Debug|x64.Build.0 = Debug|Any CPU
		{5614F8CC-D266-46A6-8679-7D9360383C41}.Debug|x86.ActiveCfg = Debug|Any CPU
		{5614F8CC-D266-46A6-8679-7D9360383C41}.Debug|x86.Build.0 = Debug|Any CPU
		{5614F8CC-D266-46A6-8679-7D9360383C41}.Release|Any CPU.ActiveCfg = Release|Any CPU
		{5614F8CC-D266-46A6-8679-7D9360383C41}.Release|Any CPU.Build.0 = Release|Any CPU
		{5614F8CC-D266-46A6-8679-7D9360383C41}.Release|x64.ActiveCfg = Release|Any CPU
		{5614F8CC-D266-46A6-8679-7D9360383C41}.Release|x64.Build.0 = Release|Any CPU
		{5614F8CC-D266-46A6-8679-7D9360383C41}.Release|x86.ActiveCfg = Release|Any CPU
		{5614F8CC-D266-46A6-8679-7D9360383C41}.Release|x86.Build.0 = Release|Any CPU
		{1160BCE7-CD70-4167-BAB2-8C98420F40C9}.Debug|Any CPU.ActiveCfg = Debug|Any CPU
		{1160BCE7-CD70-4167-BAB2-8C98420F40C9}.Debug|Any CPU.Build.0 = Debug|Any CPU
		{1160BCE7-CD70-4167-BAB2-8C98420F40C9}.Debug|x64.ActiveCfg = Debug|Any CPU
		{1160BCE7-CD70-4167-BAB2-8C98420F40C9}.Debug|x64.Build.0 = Debug|Any CPU
		{1160BCE7-CD70-4167-BAB2-8C98420F40C9}.Debug|x86.ActiveCfg = Debug|Any CPU
		{1160BCE7-CD70-4167-BAB2-8C98420F40C9}.Debug|x86.Build.0 = Debug|Any CPU
		{1160BCE7-CD70-4167-BAB2-8C98420F40C9}.Release|Any CPU.ActiveCfg = Release|Any CPU
		{1160BCE7-CD70-4167-BAB2-8C98420F40C9}.Release|Any CPU.Build.0 = Release|Any CPU
		{1160BCE7-CD70-4167-BAB2-8C98420F40C9}.Release|x64.ActiveCfg = Release|Any CPU
		{1160BCE7-CD70-4167-BAB2-8C98420F40C9}.Release|x64.Build.0 = Release|Any CPU
		{1160BCE7-CD70-4167-BAB2-8C98420F40C9}.Release|x86.ActiveCfg = Release|Any CPU
		{1160BCE7-CD70-4167-BAB2-8C98420F40C9}.Release|x86.Build.0 = Release|Any CPU
	EndGlobalSection
EndGlobal
