
Microsoft Visual Studio Solution File, Format Version 12.00
# Visual Studio Version 17
VisualStudioVersion = 17.1.32328.378
MinimumVisualStudioVersion = 10.0.40219.1
Project("{9A19103F-16F7-4668-BE54-9A1E7A4F7556}") = "AdventuresOfWilbur", "AdventuresOfWilbur\src\AdventuresOfWilbur\AdventuresOfWilbur.csproj", "{59469799-49BC-4904-9FB9-82671D4FB52F}"
EndProject
Project("{9A19103F-16F7-4668-BE54-9A1E7A4F7556}") = "AdventuresOfWilburUploadFunction", "AdventuresOfWilburUploadFunction\src\AdventuresOfWilburUploadFunction\AdventuresOfWilburUploadFunction.csproj", "{B481246B-8B35-4FDC-9F6B-A04A943664F2}"
EndProject
Project("{9A19103F-16F7-4668-BE54-9A1E7A4F7556}") = "WilburWednesdayEmailFunction", "WilburWednesdayEmailFunction\src\WilburWednesdayEmailFunction\WilburWednesdayEmailFunction.csproj", "{D3D73488-0396-439D-A537-6A255E3CDC67}"
EndProject
Global
	GlobalSection(SolutionConfigurationPlatforms) = preSolution
		Debug|Any CPU = Debug|Any CPU
		Release|Any CPU = Release|Any CPU
	EndGlobalSection
	GlobalSection(ProjectConfigurationPlatforms) = postSolution
		{59469799-49BC-4904-9FB9-82671D4FB52F}.Debug|Any CPU.ActiveCfg = Debug|Any CPU
		{59469799-49BC-4904-9FB9-82671D4FB52F}.Debug|Any CPU.Build.0 = Debug|Any CPU
		{59469799-49BC-4904-9FB9-82671D4FB52F}.Release|Any CPU.ActiveCfg = Release|Any CPU
		{59469799-49BC-4904-9FB9-82671D4FB52F}.Release|Any CPU.Build.0 = Release|Any CPU
		{B481246B-8B35-4FDC-9F6B-A04A943664F2}.Debug|Any CPU.ActiveCfg = Debug|Any CPU
		{B481246B-8B35-4FDC-9F6B-A04A943664F2}.Debug|Any CPU.Build.0 = Debug|Any CPU
		{B481246B-8B35-4FDC-9F6B-A04A943664F2}.Release|Any CPU.ActiveCfg = Release|Any CPU
		{B481246B-8B35-4FDC-9F6B-A04A943664F2}.Release|Any CPU.Build.0 = Release|Any CPU
		{D3D73488-0396-439D-A537-6A255E3CDC67}.Debug|Any CPU.ActiveCfg = Debug|Any CPU
		{D3D73488-0396-439D-A537-6A255E3CDC67}.Debug|Any CPU.Build.0 = Debug|Any CPU
		{D3D73488-0396-439D-A537-6A255E3CDC67}.Release|Any CPU.ActiveCfg = Release|Any CPU
		{D3D73488-0396-439D-A537-6A255E3CDC67}.Release|Any CPU.Build.0 = Release|Any CPU
	EndGlobalSection
	GlobalSection(SolutionProperties) = preSolution
		HideSolutionNode = FALSE
	EndGlobalSection
	GlobalSection(ExtensibilityGlobals) = postSolution
		SolutionGuid = {41CB4D47-BB29-48A4-928E-FEAF80931F4F}
	EndGlobalSection
EndGlobal
